// !$*UTF8*$!
{
	archiveVersion = 1;
	classes = {
	};
	objectVersion = 55;
	objects = {

/* Begin PBXBuildFile section */
		891EF8AB286E519000F5947E /* AppDelegate.m in Sources */ = {isa = PBXBuildFile; fileRef = 891EF8AA286E519000F5947E /* AppDelegate.m */; };
		891EF8AE286E519000F5947E /* SceneDelegate.m in Sources */ = {isa = PBXBuildFile; fileRef = 891EF8AD286E519000F5947E /* SceneDelegate.m */; };
		891EF8B1286E519000F5947E /* ViewController.m in Sources */ = {isa = PBXBuildFile; fileRef = 891EF8B0286E519000F5947E /* ViewController.m */; };
		891EF8B4286E519000F5947E /* Main.storyboard in Resources */ = {isa = PBXBuildFile; fileRef = 891EF8B2286E519000F5947E /* Main.storyboard */; };
		891EF8B6286E519000F5947E /* Assets.xcassets in Resources */ = {isa = PBXBuildFile; fileRef = 891EF8B5286E519000F5947E /* Assets.xcassets */; };
		891EF8B9286E519000F5947E /* LaunchScreen.storyboard in Resources */ = {isa = PBXBuildFile; fileRef = 891EF8B7286E519000F5947E /* LaunchScreen.storyboard */; };
		891EF8BC286E519000F5947E /* main.m in Sources */ = {isa = PBXBuildFile; fileRef = 891EF8BB286E519000F5947E /* main.m */; };
		891EF8C6286E519100F5947E /* ThrowITTests.m in Sources */ = {isa = PBXBuildFile; fileRef = 891EF8C5286E519100F5947E /* ThrowITTests.m */; };
		891EF8D0286E519100F5947E /* ThrowITUITests.m in Sources */ = {isa = PBXBuildFile; fileRef = 891EF8CF286E519100F5947E /* ThrowITUITests.m */; };
		891EF8D2286E519100F5947E /* ThrowITUITestsLaunchTests.m in Sources */ = {isa = PBXBuildFile; fileRef = 891EF8D1286E519100F5947E /* ThrowITUITestsLaunchTests.m */; };
/* End PBXBuildFile section */

/* Begin PBXContainerItemProxy section */
		891EF8C2286E519100F5947E /* PBXContainerItemProxy */ = {
			isa = PBXContainerItemProxy;
			containerPortal = 891EF89E286E518F00F5947E /* Project object */;
			proxyType = 1;
			remoteGlobalIDString = 891EF8A5286E519000F5947E;
			remoteInfo = ThrowIT;
		};
		891EF8CC286E519100F5947E /* PBXContainerItemProxy */ = {
			isa = PBXContainerItemProxy;
			containerPortal = 891EF89E286E518F00F5947E /* Project object */;
			proxyType = 1;
			remoteGlobalIDString = 891EF8A5286E519000F5947E;
			remoteInfo = ThrowIT;
		};
/* End PBXContainerItemProxy section */

/* Begin PBXFileReference section */
		891EF8A6286E519000F5947E /* ThrowIT.app */ = {isa = PBXFileReference; explicitFileType = wrapper.application; includeInIndex = 0; path = ThrowIT.app; sourceTree = BUILT_PRODUCTS_DIR; };
		891EF8A9286E519000F5947E /* AppDelegate.h */ = {isa = PBXFileReference; lastKnownFileType = sourcecode.c.h; path = AppDelegate.h; sourceTree = "<group>"; };
		891EF8AA286E519000F5947E /* AppDelegate.m */ = {isa = PBXFileReference; lastKnownFileType = sourcecode.c.objc; path = AppDelegate.m; sourceTree = "<group>"; };
		891EF8AC286E519000F5947E /* SceneDelegate.h */ = {isa = PBXFileReference; lastKnownFileType = sourcecode.c.h; path = SceneDelegate.h; sourceTree = "<group>"; };
		891EF8AD286E519000F5947E /* SceneDelegate.m */ = {isa = PBXFileReference; lastKnownFileType = sourcecode.c.objc; path = SceneDelegate.m; sourceTree = "<group>"; };
		891EF8AF286E519000F5947E /* ViewController.h */ = {isa = PBXFileReference; lastKnownFileType = sourcecode.c.h; path = ViewController.h; sourceTree = "<group>"; };
		891EF8B0286E519000F5947E /* ViewController.m */ = {isa = PBXFileReference; lastKnownFileType = sourcecode.c.objc; path = ViewController.m; sourceTree = "<group>"; };
		891EF8B3286E519000F5947E /* Base */ = {isa = PBXFileReference; lastKnownFileType = file.storyboard; name = Base; path = Base.lproj/Main.storyboard; sourceTree = "<group>"; };
		891EF8B5286E519000F5947E /* Assets.xcassets */ = {isa = PBXFileReference; lastKnownFileType = folder.assetcatalog; path = Assets.xcassets; sourceTree = "<group>"; };
		891EF8B8286E519000F5947E /* Base */ = {isa = PBXFileReference; lastKnownFileType = file.storyboard; name = Base; path = Base.lproj/LaunchScreen.storyboard; sourceTree = "<group>"; };
		891EF8BA286E519000F5947E /* Info.plist */ = {isa = PBXFileReference; lastKnownFileType = text.plist.xml; path = Info.plist; sourceTree = "<group>"; };
		891EF8BB286E519000F5947E /* main.m */ = {isa = PBXFileReference; lastKnownFileType = sourcecode.c.objc; path = main.m; sourceTree = "<group>"; };
		891EF8C1286E519100F5947E /* ThrowITTests.xctest */ = {isa = PBXFileReference; explicitFileType = wrapper.cfbundle; includeInIndex = 0; path = ThrowITTests.xctest; sourceTree = BUILT_PRODUCTS_DIR; };
		891EF8C5286E519100F5947E /* ThrowITTests.m */ = {isa = PBXFileReference; lastKnownFileType = sourcecode.c.objc; path = ThrowITTests.m; sourceTree = "<group>"; };
		891EF8CB286E519100F5947E /* ThrowITUITests.xctest */ = {isa = PBXFileReference; explicitFileType = wrapper.cfbundle; includeInIndex = 0; path = ThrowITUITests.xctest; sourceTree = BUILT_PRODUCTS_DIR; };
		891EF8CF286E519100F5947E /* ThrowITUITests.m */ = {isa = PBXFileReference; lastKnownFileType = sourcecode.c.objc; path = ThrowITUITests.m; sourceTree = "<group>"; };
		891EF8D1286E519100F5947E /* ThrowITUITestsLaunchTests.m */ = {isa = PBXFileReference; lastKnownFileType = sourcecode.c.objc; path = ThrowITUITestsLaunchTests.m; sourceTree = "<group>"; };
/* End PBXFileReference section */

/* Begin PBXFrameworksBuildPhase section */
		891EF8A3286E519000F5947E /* Frameworks */ = {
			isa = PBXFrameworksBuildPhase;
			buildActionMask = 2147483647;
			files = (
			);
			runOnlyForDeploymentPostprocessing = 0;
		};
		891EF8BE286E519100F5947E /* Frameworks */ = {
			isa = PBXFrameworksBuildPhase;
			buildActionMask = 2147483647;
			files = (
			);
			runOnlyForDeploymentPostprocessing = 0;
		};
		891EF8C8286E519100F5947E /* Frameworks */ = {
			isa = PBXFrameworksBuildPhase;
			buildActionMask = 2147483647;
			files = (
			);
			runOnlyForDeploymentPostprocessing = 0;
		};
/* End PBXFrameworksBuildPhase section */

/* Begin PBXGroup section */
		891EF89D286E518F00F5947E = {
			isa = PBXGroup;
			children = (
				891EF8A8286E519000F5947E /* ThrowIT */,
				891EF8C4286E519100F5947E /* ThrowITTests */,
				891EF8CE286E519100F5947E /* ThrowITUITests */,
				891EF8A7286E519000F5947E /* Products */,
			);
			sourceTree = "<group>";
		};
		891EF8A7286E519000F5947E /* Products */ = {
			isa = PBXGroup;
			children = (
				891EF8A6286E519000F5947E /* ThrowIT.app */,
				891EF8C1286E519100F5947E /* ThrowITTests.xctest */,
				891EF8CB286E519100F5947E /* ThrowITUITests.xctest */,
			);
			name = Products;
			sourceTree = "<group>";
		};
		891EF8A8286E519000F5947E /* ThrowIT */ = {
			isa = PBXGroup;
			children = (
				891EF8A9286E519000F5947E /* AppDelegate.h */,
				891EF8AA286E519000F5947E /* AppDelegate.m */,
				891EF8AC286E519000F5947E /* SceneDelegate.h */,
				891EF8AD286E519000F5947E /* SceneDelegate.m */,
				891EF8AF286E519000F5947E /* ViewController.h */,
				891EF8B0286E519000F5947E /* ViewController.m */,
				891EF8B2286E519000F5947E /* Main.storyboard */,
				891EF8B5286E519000F5947E /* Assets.xcassets */,
				891EF8B7286E519000F5947E /* LaunchScreen.storyboard */,
				891EF8BA286E519000F5947E /* Info.plist */,
				891EF8BB286E519000F5947E /* main.m */,
			);
			path = ThrowIT;
			sourceTree = "<group>";
		};
		891EF8C4286E519100F5947E /* ThrowITTests */ = {
			isa = PBXGroup;
			children = (
				891EF8C5286E519100F5947E /* ThrowITTests.m */,
			);
			path = ThrowITTests;
			sourceTree = "<group>";
		};
		891EF8CE286E519100F5947E /* ThrowITUITests */ = {
			isa = PBXGroup;
			children = (
				891EF8CF286E519100F5947E /* ThrowITUITests.m */,
				891EF8D1286E519100F5947E /* ThrowITUITestsLaunchTests.m */,
			);
			path = ThrowITUITests;
			sourceTree = "<group>";
		};
/* End PBXGroup section */

/* Begin PBXNativeTarget section */
		891EF8A5286E519000F5947E /* ThrowIT */ = {
			isa = PBXNativeTarget;
			buildConfigurationList = 891EF8D5286E519100F5947E /* Build configuration list for PBXNativeTarget "ThrowIT" */;
			buildPhases = (
				891EF8A2286E519000F5947E /* Sources */,
				891EF8A3286E519000F5947E /* Frameworks */,
				891EF8A4286E519000F5947E /* Resources */,
			);
			buildRules = (
			);
			dependencies = (
			);
			name = ThrowIT;
			productName = ThrowIT;
			productReference = 891EF8A6286E519000F5947E /* ThrowIT.app */;
			productType = "com.apple.product-type.application";
		};
		891EF8C0286E519100F5947E /* ThrowITTests */ = {
			isa = PBXNativeTarget;
			buildConfigurationList = 891EF8D8286E519100F5947E /* Build configuration list for PBXNativeTarget "ThrowITTests" */;
			buildPhases = (
				891EF8BD286E519100F5947E /* Sources */,
				891EF8BE286E519100F5947E /* Frameworks */,
				891EF8BF286E519100F5947E /* Resources */,
			);
			buildRules = (
			);
			dependencies = (
				891EF8C3286E519100F5947E /* PBXTargetDependency */,
			);
			name = ThrowITTests;
			productName = ThrowITTests;
			productReference = 891EF8C1286E519100F5947E /* ThrowITTests.xctest */;
			productType = "com.apple.product-type.bundle.unit-test";
		};
		891EF8CA286E519100F5947E /* ThrowITUITests */ = {
			isa = PBXNativeTarget;
			buildConfigurationList = 891EF8DB286E519100F5947E /* Build configuration list for PBXNativeTarget "ThrowITUITests" */;
			buildPhases = (
				891EF8C7286E519100F5947E /* Sources */,
				891EF8C8286E519100F5947E /* Frameworks */,
				891EF8C9286E519100F5947E /* Resources */,
			);
			buildRules = (
			);
			dependencies = (
				891EF8CD286E519100F5947E /* PBXTargetDependency */,
			);
			name = ThrowITUITests;
			productName = ThrowITUITests;
			productReference = 891EF8CB286E519100F5947E /* ThrowITUITests.xctest */;
			productType = "com.apple.product-type.bundle.ui-testing";
		};
/* End PBXNativeTarget section */

/* Begin PBXProject section */
		891EF89E286E518F00F5947E /* Project object */ = {
			isa = PBXProject;
			attributes = {
				BuildIndependentTargetsInParallel = 1;
				LastUpgradeCheck = 1340;
				TargetAttributes = {
					891EF8A5286E519000F5947E = {
						CreatedOnToolsVersion = 13.4.1;
					};
					891EF8C0286E519100F5947E = {
						CreatedOnToolsVersion = 13.4.1;
						TestTargetID = 891EF8A5286E519000F5947E;
					};
					891EF8CA286E519100F5947E = {
						CreatedOnToolsVersion = 13.4.1;
						TestTargetID = 891EF8A5286E519000F5947E;
					};
				};
			};
			buildConfigurationList = 891EF8A1286E518F00F5947E /* Build configuration list for PBXProject "ThrowIT" */;
			compatibilityVersion = "Xcode 13.0";
			developmentRegion = en;
			hasScannedForEncodings = 0;
			knownRegions = (
				en,
				Base,
			);
			mainGroup = 891EF89D286E518F00F5947E;
			productRefGroup = 891EF8A7286E519000F5947E /* Products */;
			projectDirPath = "";
			projectRoot = "";
			targets = (
				891EF8A5286E519000F5947E /* ThrowIT */,
				891EF8C0286E519100F5947E /* ThrowITTests */,
				891EF8CA286E519100F5947E /* ThrowITUITests */,
			);
		};
/* End PBXProject section */

/* Begin PBXResourcesBuildPhase section */
		891EF8A4286E519000F5947E /* Resources */ = {
			isa = PBXResourcesBuildPhase;
			buildActionMask = 2147483647;
			files = (
				891EF8B9286E519000F5947E /* LaunchScreen.storyboard in Resources */,
				891EF8B6286E519000F5947E /* Assets.xcassets in Resources */,
				891EF8B4286E519000F5947E /* Main.storyboard in Resources */,
			);
			runOnlyForDeploymentPostprocessing = 0;
		};
		891EF8BF286E519100F5947E /* Resources */ = {
			isa = PBXResourcesBuildPhase;
			buildActionMask = 2147483647;
			files = (
			);
			runOnlyForDeploymentPostprocessing = 0;
		};
		891EF8C9286E519100F5947E /* Resources */ = {
			isa = PBXResourcesBuildPhase;
			buildActionMask = 2147483647;
			files = (
			);
			runOnlyForDeploymentPostprocessing = 0;
		};
/* End PBXResourcesBuildPhase section */

/* Begin PBXSourcesBuildPhase section */
		891EF8A2286E519000F5947E /* Sources */ = {
			isa = PBXSourcesBuildPhase;
			buildActionMask = 2147483647;
			files = (
				891EF8B1286E519000F5947E /* ViewController.m in Sources */,
				891EF8AB286E519000F5947E /* AppDelegate.m in Sources */,
				891EF8BC286E519000F5947E /* main.m in Sources */,
				891EF8AE286E519000F5947E /* SceneDelegate.m in Sources */,
			);
			runOnlyForDeploymentPostprocessing = 0;
		};
		891EF8BD286E519100F5947E /* Sources */ = {
			isa = PBXSourcesBuildPhase;
			buildActionMask = 2147483647;
			files = (
				891EF8C6286E519100F5947E /* ThrowITTests.m in Sources */,
			);
			runOnlyForDeploymentPostprocessing = 0;
		};
		891EF8C7286E519100F5947E /* Sources */ = {
			isa = PBXSourcesBuildPhase;
			buildActionMask = 2147483647;
			files = (
				891EF8D2286E519100F5947E /* ThrowITUITestsLaunchTests.m in Sources */,
				891EF8D0286E519100F5947E /* ThrowITUITests.m in Sources */,
			);
			runOnlyForDeploymentPostprocessing = 0;
		};
/* End PBXSourcesBuildPhase section */

/* Begin PBXTargetDependency section */
		891EF8C3286E519100F5947E /* PBXTargetDependency */ = {
			isa = PBXTargetDependency;
			target = 891EF8A5286E519000F5947E /* ThrowIT */;
			targetProxy = 891EF8C2286E519100F5947E /* PBXContainerItemProxy */;
		};
		891EF8CD286E519100F5947E /* PBXTargetDependency */ = {
			isa = PBXTargetDependency;
			target = 891EF8A5286E519000F5947E /* ThrowIT */;
			targetProxy = 891EF8CC286E519100F5947E /* PBXContainerItemProxy */;
		};
/* End PBXTargetDependency section */

/* Begin PBXVariantGroup section */
		891EF8B2286E519000F5947E /* Main.storyboard */ = {
			isa = PBXVariantGroup;
			children = (
				891EF8B3286E519000F5947E /* Base */,
			);
			name = Main.storyboard;
			sourceTree = "<group>";
		};
		891EF8B7286E519000F5947E /* LaunchScreen.storyboard */ = {
			isa = PBXVariantGroup;
			children = (
				891EF8B8286E519000F5947E /* Base */,
			);
			name = LaunchScreen.storyboard;
			sourceTree = "<group>";
		};
/* End PBXVariantGroup section */

/* Begin XCBuildConfiguration section */
		891EF8D3286E519100F5947E /* Debug */ = {
			isa = XCBuildConfiguration;
			buildSettings = {
				ALWAYS_SEARCH_USER_PATHS = NO;
				CLANG_ANALYZER_NONNULL = YES;
				CLANG_ANALYZER_NUMBER_OBJECT_CONVERSION = YES_AGGRESSIVE;
				CLANG_CXX_LANGUAGE_STANDARD = "gnu++17";
				CLANG_ENABLE_MODULES = YES;
				CLANG_ENABLE_OBJC_ARC = YES;
				CLANG_ENABLE_OBJC_WEAK = YES;
				CLANG_WARN_BLOCK_CAPTURE_AUTORELEASING = YES;
				CLANG_WARN_BOOL_CONVERSION = YES;
				CLANG_WARN_COMMA = YES;
				CLANG_WARN_CONSTANT_CONVERSION = YES;
				CLANG_WARN_DEPRECATED_OBJC_IMPLEMENTATIONS = YES;
				CLANG_WARN_DIRECT_OBJC_ISA_USAGE = YES_ERROR;
				CLANG_WARN_DOCUMENTATION_COMMENTS = YES;
				CLANG_WARN_EMPTY_BODY = YES;
				CLANG_WARN_ENUM_CONVERSION = YES;
				CLANG_WARN_INFINITE_RECURSION = YES;
				CLANG_WARN_INT_CONVERSION = YES;
				CLANG_WARN_NON_LITERAL_NULL_CONVERSION = YES;
				CLANG_WARN_OBJC_IMPLICIT_RETAIN_SELF = YES;
				CLANG_WARN_OBJC_LITERAL_CONVERSION = YES;
				CLANG_WARN_OBJC_ROOT_CLASS = YES_ERROR;
				CLANG_WARN_QUOTED_INCLUDE_IN_FRAMEWORK_HEADER = YES;
				CLANG_WARN_RANGE_LOOP_ANALYSIS = YES;
				CLANG_WARN_STRICT_PROTOTYPES = YES;
				CLANG_WARN_SUSPICIOUS_MOVE = YES;
				CLANG_WARN_UNGUARDED_AVAILABILITY = YES_AGGRESSIVE;
				CLANG_WARN_UNREACHABLE_CODE = YES;
				CLANG_WARN__DUPLICATE_METHOD_MATCH = YES;
				COPY_PHASE_STRIP = NO;
				DEBUG_INFORMATION_FORMAT = dwarf;
				ENABLE_STRICT_OBJC_MSGSEND = YES;
				ENABLE_TESTABILITY = YES;
				GCC_C_LANGUAGE_STANDARD = gnu11;
				GCC_DYNAMIC_NO_PIC = NO;
				GCC_NO_COMMON_BLOCKS = YES;
				GCC_OPTIMIZATION_LEVEL = 0;
				GCC_PREPROCESSOR_DEFINITIONS = (
					"DEBUG=1",
					"$(inherited)",
				);
				GCC_WARN_64_TO_32_BIT_CONVERSION = YES;
				GCC_WARN_ABOUT_RETURN_TYPE = YES_ERROR;
				GCC_WARN_UNDECLARED_SELECTOR = YES;
				GCC_WARN_UNINITIALIZED_AUTOS = YES_AGGRESSIVE;
				GCC_WARN_UNUSED_FUNCTION = YES;
				GCC_WARN_UNUSED_VARIABLE = YES;
				IPHONEOS_DEPLOYMENT_TARGET = 15.5;
				MTL_ENABLE_DEBUG_INFO = INCLUDE_SOURCE;
				MTL_FAST_MATH = YES;
				ONLY_ACTIVE_ARCH = YES;
				SDKROOT = iphoneos;
			};
			name = Debug;
		};
		891EF8D4286E519100F5947E /* Release */ = {
			isa = XCBuildConfiguration;
			buildSettings = {
				ALWAYS_SEARCH_USER_PATHS = NO;
				CLANG_ANALYZER_NONNULL = YES;
				CLANG_ANALYZER_NUMBER_OBJECT_CONVERSION = YES_AGGRESSIVE;
				CLANG_CXX_LANGUAGE_STANDARD = "gnu++17";
				CLANG_ENABLE_MODULES = YES;
				CLANG_ENABLE_OBJC_ARC = YES;
				CLANG_ENABLE_OBJC_WEAK = YES;
				CLANG_WARN_BLOCK_CAPTURE_AUTORELEASING = YES;
				CLANG_WARN_BOOL_CONVERSION = YES;
				CLANG_WARN_COMMA = YES;
				CLANG_WARN_CONSTANT_CONVERSION = YES;
				CLANG_WARN_DEPRECATED_OBJC_IMPLEMENTATIONS = YES;
				CLANG_WARN_DIRECT_OBJC_ISA_USAGE = YES_ERROR;
				CLANG_WARN_DOCUMENTATION_COMMENTS = YES;
				CLANG_WARN_EMPTY_BODY = YES;
				CLANG_WARN_ENUM_CONVERSION = YES;
				CLANG_WARN_INFINITE_RECURSION = YES;
				CLANG_WARN_INT_CONVERSION = YES;
				CLANG_WARN_NON_LITERAL_NULL_CONVERSION = YES;
				CLANG_WARN_OBJC_IMPLICIT_RETAIN_SELF = YES;
				CLANG_WARN_OBJC_LITERAL_CONVERSION = YES;
				CLANG_WARN_OBJC_ROOT_CLASS = YES_ERROR;
				CLANG_WARN_QUOTED_INCLUDE_IN_FRAMEWORK_HEADER = YES;
				CLANG_WARN_RANGE_LOOP_ANALYSIS = YES;
				CLANG_WARN_STRICT_PROTOTYPES = YES;
				CLANG_WARN_SUSPICIOUS_MOVE = YES;
				CLANG_WARN_UNGUARDED_AVAILABILITY = YES_AGGRESSIVE;
				CLANG_WARN_UNREACHABLE_CODE = YES;
				CLANG_WARN__DUPLICATE_METHOD_MATCH = YES;
				COPY_PHASE_STRIP = NO;
				DEBUG_INFORMATION_FORMAT = "dwarf-with-dsym";
				ENABLE_NS_ASSERTIONS = NO;
				ENABLE_STRICT_OBJC_MSGSEND = YES;
				GCC_C_LANGUAGE_STANDARD = gnu11;
				GCC_NO_COMMON_BLOCKS = YES;
				GCC_WARN_64_TO_32_BIT_CONVERSION = YES;
				GCC_WARN_ABOUT_RETURN_TYPE = YES_ERROR;
				GCC_WARN_UNDECLARED_SELECTOR = YES;
				GCC_WARN_UNINITIALIZED_AUTOS = YES_AGGRESSIVE;
				GCC_WARN_UNUSED_FUNCTION = YES;
				GCC_WARN_UNUSED_VARIABLE = YES;
				IPHONEOS_DEPLOYMENT_TARGET = 15.5;
				MTL_ENABLE_DEBUG_INFO = NO;
				MTL_FAST_MATH = YES;
				SDKROOT = iphoneos;
				VALIDATE_PRODUCT = YES;
			};
			name = Release;
		};
		891EF8D6286E519100F5947E /* Debug */ = {
			isa = XCBuildConfiguration;
			buildSettings = {
				ASSETCATALOG_COMPILER_APPICON_NAME = AppIcon;
				ASSETCATALOG_COMPILER_GLOBAL_ACCENT_COLOR_NAME = AccentColor;
				CODE_SIGN_STYLE = Automatic;
				CURRENT_PROJECT_VERSION = 1;
				DEVELOPMENT_TEAM = M97DH9RH5B;
				GENERATE_INFOPLIST_FILE = YES;
				INFOPLIST_FILE = ThrowIT/Info.plist;
				INFOPLIST_KEY_UIApplicationSupportsIndirectInputEvents = YES;
				INFOPLIST_KEY_UILaunchStoryboardName = LaunchScreen;
				INFOPLIST_KEY_UIMainStoryboardFile = Main;
				INFOPLIST_KEY_UISupportedInterfaceOrientations_iPad = "UIInterfaceOrientationPortrait UIInterfaceOrientationPortraitUpsideDown UIInterfaceOrientationLandscapeLeft UIInterfaceOrientationLandscapeRight";
				INFOPLIST_KEY_UISupportedInterfaceOrientations_iPhone = "UIInterfaceOrientationPortrait UIInterfaceOrientationLandscapeLeft UIInterfaceOrientationLandscapeRight";
				LD_RUNPATH_SEARCH_PATHS = (
					"$(inherited)",
					"@executable_path/Frameworks",
				);
				MARKETING_VERSION = 1.0;
				PRODUCT_BUNDLE_IDENTIFIER = com.codepath.ThrowIT;
				PRODUCT_NAME = "$(TARGET_NAME)";
				SWIFT_EMIT_LOC_STRINGS = YES;
				TARGETED_DEVICE_FAMILY = "1,2";
			};
			name = Debug;
		};
		891EF8D7286E519100F5947E /* Release */ = {
			isa = XCBuildConfiguration;
			buildSettings = {
				ASSETCATALOG_COMPILER_APPICON_NAME = AppIcon;
				ASSETCATALOG_COMPILER_GLOBAL_ACCENT_COLOR_NAME = AccentColor;
				CODE_SIGN_STYLE = Automatic;
				CURRENT_PROJECT_VERSION = 1;
				DEVELOPMENT_TEAM = M97DH9RH5B;
				GENERATE_INFOPLIST_FILE = YES;
				INFOPLIST_FILE = ThrowIT/Info.plist;
				INFOPLIST_KEY_UIApplicationSupportsIndirectInputEvents = YES;
				INFOPLIST_KEY_UILaunchStoryboardName = LaunchScreen;
				INFOPLIST_KEY_UIMainStoryboardFile = Main;
				INFOPLIST_KEY_UISupportedInterfaceOrientations_iPad = "UIInterfaceOrientationPortrait UIInterfaceOrientationPortraitUpsideDown UIInterfaceOrientationLandscapeLeft UIInterfaceOrientationLandscapeRight";
				INFOPLIST_KEY_UISupportedInterfaceOrientations_iPhone = "UIInterfaceOrientationPortrait UIInterfaceOrientationLandscapeLeft UIInterfaceOrientationLandscapeRight";
				LD_RUNPATH_SEARCH_PATHS = (
					"$(inherited)",
					"@executable_path/Frameworks",
				);
				MARKETING_VERSION = 1.0;
				PRODUCT_BUNDLE_IDENTIFIER = com.codepath.ThrowIT;
				PRODUCT_NAME = "$(TARGET_NAME)";
				SWIFT_EMIT_LOC_STRINGS = YES;
				TARGETED_DEVICE_FAMILY = "1,2";
			};
			name = Release;
		};
		891EF8D9286E519100F5947E /* Debug */ = {
			isa = XCBuildConfiguration;
			buildSettings = {
				BUNDLE_LOADER = "$(TEST_HOST)";
				CODE_SIGN_STYLE = Automatic;
				CURRENT_PROJECT_VERSION = 1;
				DEVELOPMENT_TEAM = M97DH9RH5B;
				GENERATE_INFOPLIST_FILE = YES;
				IPHONEOS_DEPLOYMENT_TARGET = 15.5;
				MARKETING_VERSION = 1.0;
				PRODUCT_BUNDLE_IDENTIFIER = com.codepath.ThrowITTests;
				PRODUCT_NAME = "$(TARGET_NAME)";
				SWIFT_EMIT_LOC_STRINGS = NO;
				TARGETED_DEVICE_FAMILY = "1,2";
				TEST_HOST = "$(BUILT_PRODUCTS_DIR)/ThrowIT.app/ThrowIT";
			};
			name = Debug;
		};
		891EF8DA286E519100F5947E /* Release */ = {
			isa = XCBuildConfiguration;
			buildSettings = {
				BUNDLE_LOADER = "$(TEST_HOST)";
				CODE_SIGN_STYLE = Automatic;
				CURRENT_PROJECT_VERSION = 1;
				DEVELOPMENT_TEAM = M97DH9RH5B;
				GENERATE_INFOPLIST_FILE = YES;
				IPHONEOS_DEPLOYMENT_TARGET = 15.5;
				MARKETING_VERSION = 1.0;
				PRODUCT_BUNDLE_IDENTIFIER = com.codepath.ThrowITTests;
				PRODUCT_NAME = "$(TARGET_NAME)";
				SWIFT_EMIT_LOC_STRINGS = NO;
				TARGETED_DEVICE_FAMILY = "1,2";
				TEST_HOST = "$(BUILT_PRODUCTS_DIR)/ThrowIT.app/ThrowIT";
			};
			name = Release;
		};
		891EF8DC286E519100F5947E /* Debug */ = {
			isa = XCBuildConfiguration;
			buildSettings = {
				CODE_SIGN_STYLE = Automatic;
				CURRENT_PROJECT_VERSION = 1;
				DEVELOPMENT_TEAM = M97DH9RH5B;
				GENERATE_INFOPLIST_FILE = YES;
				MARKETING_VERSION = 1.0;
				PRODUCT_BUNDLE_IDENTIFIER = com.codepath.ThrowITUITests;
				PRODUCT_NAME = "$(TARGET_NAME)";
				SWIFT_EMIT_LOC_STRINGS = NO;
				TARGETED_DEVICE_FAMILY = "1,2";
				TEST_TARGET_NAME = ThrowIT;
			};
			name = Debug;
		};
		891EF8DD286E519100F5947E /* Release */ = {
			isa = XCBuildConfiguration;
			buildSettings = {
				CODE_SIGN_STYLE = Automatic;
				CURRENT_PROJECT_VERSION = 1;
				DEVELOPMENT_TEAM = M97DH9RH5B;
				GENERATE_INFOPLIST_FILE = YES;
				MARKETING_VERSION = 1.0;
				PRODUCT_BUNDLE_IDENTIFIER = com.codepath.ThrowITUITests;
				PRODUCT_NAME = "$(TARGET_NAME)";
				SWIFT_EMIT_LOC_STRINGS = NO;
				TARGETED_DEVICE_FAMILY = "1,2";
				TEST_TARGET_NAME = ThrowIT;
			};
			name = Release;
		};
/* End XCBuildConfiguration section */

/* Begin XCConfigurationList section */
		891EF8A1286E518F00F5947E /* Build configuration list for PBXProject "ThrowIT" */ = {
			isa = XCConfigurationList;
			buildConfigurations = (
				891EF8D3286E519100F5947E /* Debug */,
				891EF8D4286E519100F5947E /* Release */,
			);
			defaultConfigurationIsVisible = 0;
			defaultConfigurationName = Release;
		};
		891EF8D5286E519100F5947E /* Build configuration list for PBXNativeTarget "ThrowIT" */ = {
			isa = XCConfigurationList;
			buildConfigurations = (
				891EF8D6286E519100F5947E /* Debug */,
				891EF8D7286E519100F5947E /* Release */,
			);
			defaultConfigurationIsVisible = 0;
			defaultConfigurationName = Release;
		};
		891EF8D8286E519100F5947E /* Build configuration list for PBXNativeTarget "ThrowITTests" */ = {
			isa = XCConfigurationList;
			buildConfigurations = (
				891EF8D9286E519100F5947E /* Debug */,
				891EF8DA286E519100F5947E /* Release */,
			);
			defaultConfigurationIsVisible = 0;
			defaultConfigurationName = Release;
		};
		891EF8DB286E519100F5947E /* Build configuration list for PBXNativeTarget "ThrowITUITests" */ = {
			isa = XCConfigurationList;
			buildConfigurations = (
				891EF8DC286E519100F5947E /* Debug */,
				891EF8DD286E519100F5947E /* Release */,
			);
			defaultConfigurationIsVisible = 0;
			defaultConfigurationName = Release;
		};
/* End XCConfigurationList section */
	};
	rootObject = 891EF89E286E518F00F5947E /* Project object */;
}
