// !$*UTF8*$!
{
	archiveVersion = 1;
	classes = {
	};
	objectVersion = 55;
	objects = {

/* Begin PBXBuildFile section */
		4D4C258FBA169CB066CEAB7B /* Pods_ThrowIT.framework in Frameworks */ = {isa = PBXBuildFile; fileRef = 887B44304F87030A2BF33DED /* Pods_ThrowIT.framework */; };
		890F5C9428822948006E549B /* Keys.plist in Resources */ = {isa = PBXBuildFile; fileRef = 890F5C9328822948006E549B /* Keys.plist */; };
		891EF8AB286E519000F5947E /* AppDelegate.m in Sources */ = {isa = PBXBuildFile; fileRef = 891EF8AA286E519000F5947E /* AppDelegate.m */; };
		891EF8AE286E519000F5947E /* SceneDelegate.m in Sources */ = {isa = PBXBuildFile; fileRef = 891EF8AD286E519000F5947E /* SceneDelegate.m */; };
		891EF8B4286E519000F5947E /* Main.storyboard in Resources */ = {isa = PBXBuildFile; fileRef = 891EF8B2286E519000F5947E /* Main.storyboard */; };
		891EF8B6286E519000F5947E /* Assets.xcassets in Resources */ = {isa = PBXBuildFile; fileRef = 891EF8B5286E519000F5947E /* Assets.xcassets */; };
		891EF8B9286E519000F5947E /* LaunchScreen.storyboard in Resources */ = {isa = PBXBuildFile; fileRef = 891EF8B7286E519000F5947E /* LaunchScreen.storyboard */; };
		891EF8BC286E519000F5947E /* main.m in Sources */ = {isa = PBXBuildFile; fileRef = 891EF8BB286E519000F5947E /* main.m */; };
		891EF8C6286E519100F5947E /* ThrowITTests.m in Sources */ = {isa = PBXBuildFile; fileRef = 891EF8C5286E519100F5947E /* ThrowITTests.m */; };
		891EF8D0286E519100F5947E /* ThrowITUITests.m in Sources */ = {isa = PBXBuildFile; fileRef = 891EF8CF286E519100F5947E /* ThrowITUITests.m */; };
		891EF8D2286E519100F5947E /* ThrowITUITestsLaunchTests.m in Sources */ = {isa = PBXBuildFile; fileRef = 891EF8D1286E519100F5947E /* ThrowITUITestsLaunchTests.m */; };
		891EF8E5287551DD00F5947E /* SignUpViewController.m in Sources */ = {isa = PBXBuildFile; fileRef = 891EF8E4287551DD00F5947E /* SignUpViewController.m */; };
		891EF8E82875530400F5947E /* TimelineViewController.m in Sources */ = {isa = PBXBuildFile; fileRef = 891EF8E72875530400F5947E /* TimelineViewController.m */; };
		891EF8EB287554D300F5947E /* LoginViewController.m in Sources */ = {isa = PBXBuildFile; fileRef = 891EF8EA287554D300F5947E /* LoginViewController.m */; };
		893969262884F1F9004DD10E /* ProfileViewController.m in Sources */ = {isa = PBXBuildFile; fileRef = 893969252884F1F9004DD10E /* ProfileViewController.m */; };
		898244E728762FCC00744255 /* PartyCell.m in Sources */ = {isa = PBXBuildFile; fileRef = 898244E628762FCC00744255 /* PartyCell.m */; };
		898244ED28775E6400744255 /* TopPartyCell.m in Sources */ = {isa = PBXBuildFile; fileRef = 898244EC28775E6400744255 /* TopPartyCell.m */; };
		898244F028779F9300744255 /* Party.m in Sources */ = {isa = PBXBuildFile; fileRef = 898244EF28779F9300744255 /* Party.m */; };
		898244F328779FF300744255 /* Thrower.m in Sources */ = {isa = PBXBuildFile; fileRef = 898244F228779FF300744255 /* Thrower.m */; };
		898244F62878B00300744255 /* ThrowerSignUpViewController.m in Sources */ = {isa = PBXBuildFile; fileRef = 898244F52878B00300744255 /* ThrowerSignUpViewController.m */; };
		898244F9287D084300744255 /* ThrowerTimelineViewController.m in Sources */ = {isa = PBXBuildFile; fileRef = 898244F8287D084300744255 /* ThrowerTimelineViewController.m */; };
		898244FC287D086E00744255 /* ThrowerVerificationViewController.m in Sources */ = {isa = PBXBuildFile; fileRef = 898244FB287D086E00744255 /* ThrowerVerificationViewController.m */; };
		89824503287D104400744255 /* ThrowerPartyCell.m in Sources */ = {isa = PBXBuildFile; fileRef = 89824502287D104400744255 /* ThrowerPartyCell.m */; };
		89824509287D15F000744255 /* CreatePartyViewController.m in Sources */ = {isa = PBXBuildFile; fileRef = 89824508287D15F000744255 /* CreatePartyViewController.m */; };
		89824512287DE2EA00744255 /* DetailsViewController.m in Sources */ = {isa = PBXBuildFile; fileRef = 89824511287DE2EA00744255 /* DetailsViewController.m */; };
		89824517287DE8E100744255 /* ThrowerDetailsViewController.m in Sources */ = {isa = PBXBuildFile; fileRef = 89824516287DE8E100744255 /* ThrowerDetailsViewController.m */; };
		8982451D287DEF7B00744255 /* Attendance.m in Sources */ = {isa = PBXBuildFile; fileRef = 8982451C287DEF7B00744255 /* Attendance.m */; };
		899D925B28813A8C007BCC72 /* MapKit.framework in Frameworks */ = {isa = PBXBuildFile; fileRef = 899D925A28813A8C007BCC72 /* MapKit.framework */; };
		899D925E28813B11007BCC72 /* OpenMapDirections.m in Sources */ = {isa = PBXBuildFile; fileRef = 899D925D28813B11007BCC72 /* OpenMapDirections.m */; };
		899D92632881EF9D007BCC72 /* Utility.m in Sources */ = {isa = PBXBuildFile; fileRef = 899D92622881EF9D007BCC72 /* Utility.m */; };
		89AC10EF2886125500F35820 /* APIManager.m in Sources */ = {isa = PBXBuildFile; fileRef = 89AC10EE2886125500F35820 /* APIManager.m */; };
		89AC10F72889C00000F35820 /* CoreHapticsGenerator.m in Sources */ = {isa = PBXBuildFile; fileRef = 89AC10F62889C00000F35820 /* CoreHapticsGenerator.m */; };
		89AC10FA288A855F00F35820 /* PartyFilterViewController.m in Sources */ = {isa = PBXBuildFile; fileRef = 89AC10F9288A855F00F35820 /* PartyFilterViewController.m */; };
/* End PBXBuildFile section */

/* Begin PBXContainerItemProxy section */
		891EF8C2286E519100F5947E /* PBXContainerItemProxy */ = {
			isa = PBXContainerItemProxy;
			containerPortal = 891EF89E286E518F00F5947E /* Project object */;
			proxyType = 1;
			remoteGlobalIDString = 891EF8A5286E519000F5947E;
			remoteInfo = ThrowIT;
		};
		891EF8CC286E519100F5947E /* PBXContainerItemProxy */ = {
			isa = PBXContainerItemProxy;
			containerPortal = 891EF89E286E518F00F5947E /* Project object */;
			proxyType = 1;
			remoteGlobalIDString = 891EF8A5286E519000F5947E;
			remoteInfo = ThrowIT;
		};
/* End PBXContainerItemProxy section */

/* Begin PBXFileReference section */
		15E14E2E88E61ABD435331DC /* Pods-ThrowIT.debug.xcconfig */ = {isa = PBXFileReference; includeInIndex = 1; lastKnownFileType = text.xcconfig; name = "Pods-ThrowIT.debug.xcconfig"; path = "Target Support Files/Pods-ThrowIT/Pods-ThrowIT.debug.xcconfig"; sourceTree = "<group>"; };
		23E04F0427BF60B7F4EB2C7A /* Pods-ThrowIT.release.xcconfig */ = {isa = PBXFileReference; includeInIndex = 1; lastKnownFileType = text.xcconfig; name = "Pods-ThrowIT.release.xcconfig"; path = "Target Support Files/Pods-ThrowIT/Pods-ThrowIT.release.xcconfig"; sourceTree = "<group>"; };
		887B44304F87030A2BF33DED /* Pods_ThrowIT.framework */ = {isa = PBXFileReference; explicitFileType = wrapper.framework; includeInIndex = 0; path = Pods_ThrowIT.framework; sourceTree = BUILT_PRODUCTS_DIR; };
		890F5C9328822948006E549B /* Keys.plist */ = {isa = PBXFileReference; lastKnownFileType = text.plist.xml; path = Keys.plist; sourceTree = "<group>"; };
		891EF8A6286E519000F5947E /* ThrowIT.app */ = {isa = PBXFileReference; explicitFileType = wrapper.application; includeInIndex = 0; path = ThrowIT.app; sourceTree = BUILT_PRODUCTS_DIR; };
		891EF8A9286E519000F5947E /* AppDelegate.h */ = {isa = PBXFileReference; lastKnownFileType = sourcecode.c.h; path = AppDelegate.h; sourceTree = "<group>"; };
		891EF8AA286E519000F5947E /* AppDelegate.m */ = {isa = PBXFileReference; lastKnownFileType = sourcecode.c.objc; path = AppDelegate.m; sourceTree = "<group>"; };
		891EF8AC286E519000F5947E /* SceneDelegate.h */ = {isa = PBXFileReference; lastKnownFileType = sourcecode.c.h; path = SceneDelegate.h; sourceTree = "<group>"; };
		891EF8AD286E519000F5947E /* SceneDelegate.m */ = {isa = PBXFileReference; lastKnownFileType = sourcecode.c.objc; path = SceneDelegate.m; sourceTree = "<group>"; };
		891EF8B3286E519000F5947E /* Base */ = {isa = PBXFileReference; lastKnownFileType = file.storyboard; name = Base; path = Base.lproj/Main.storyboard; sourceTree = "<group>"; };
		891EF8B5286E519000F5947E /* Assets.xcassets */ = {isa = PBXFileReference; lastKnownFileType = folder.assetcatalog; path = Assets.xcassets; sourceTree = "<group>"; };
		891EF8B8286E519000F5947E /* Base */ = {isa = PBXFileReference; lastKnownFileType = file.storyboard; name = Base; path = Base.lproj/LaunchScreen.storyboard; sourceTree = "<group>"; };
		891EF8BA286E519000F5947E /* Info.plist */ = {isa = PBXFileReference; lastKnownFileType = text.plist.xml; path = Info.plist; sourceTree = "<group>"; };
		891EF8BB286E519000F5947E /* main.m */ = {isa = PBXFileReference; lastKnownFileType = sourcecode.c.objc; path = main.m; sourceTree = "<group>"; };
		891EF8C1286E519100F5947E /* ThrowITTests.xctest */ = {isa = PBXFileReference; explicitFileType = wrapper.cfbundle; includeInIndex = 0; path = ThrowITTests.xctest; sourceTree = BUILT_PRODUCTS_DIR; };
		891EF8C5286E519100F5947E /* ThrowITTests.m */ = {isa = PBXFileReference; lastKnownFileType = sourcecode.c.objc; path = ThrowITTests.m; sourceTree = "<group>"; };
		891EF8CB286E519100F5947E /* ThrowITUITests.xctest */ = {isa = PBXFileReference; explicitFileType = wrapper.cfbundle; includeInIndex = 0; path = ThrowITUITests.xctest; sourceTree = BUILT_PRODUCTS_DIR; };
		891EF8CF286E519100F5947E /* ThrowITUITests.m */ = {isa = PBXFileReference; lastKnownFileType = sourcecode.c.objc; path = ThrowITUITests.m; sourceTree = "<group>"; };
		891EF8D1286E519100F5947E /* ThrowITUITestsLaunchTests.m */ = {isa = PBXFileReference; lastKnownFileType = sourcecode.c.objc; path = ThrowITUITestsLaunchTests.m; sourceTree = "<group>"; };
		891EF8E3287551DD00F5947E /* SignUpViewController.h */ = {isa = PBXFileReference; lastKnownFileType = sourcecode.c.h; path = SignUpViewController.h; sourceTree = "<group>"; };
		891EF8E4287551DD00F5947E /* SignUpViewController.m */ = {isa = PBXFileReference; lastKnownFileType = sourcecode.c.objc; path = SignUpViewController.m; sourceTree = "<group>"; };
		891EF8E62875530400F5947E /* TimelineViewController.h */ = {isa = PBXFileReference; lastKnownFileType = sourcecode.c.h; path = TimelineViewController.h; sourceTree = "<group>"; };
		891EF8E72875530400F5947E /* TimelineViewController.m */ = {isa = PBXFileReference; lastKnownFileType = sourcecode.c.objc; path = TimelineViewController.m; sourceTree = "<group>"; };
		891EF8E9287554D300F5947E /* LoginViewController.h */ = {isa = PBXFileReference; lastKnownFileType = sourcecode.c.h; path = LoginViewController.h; sourceTree = "<group>"; };
		891EF8EA287554D300F5947E /* LoginViewController.m */ = {isa = PBXFileReference; lastKnownFileType = sourcecode.c.objc; path = LoginViewController.m; sourceTree = "<group>"; };
		893969242884F1F9004DD10E /* ProfileViewController.h */ = {isa = PBXFileReference; lastKnownFileType = sourcecode.c.h; path = ProfileViewController.h; sourceTree = "<group>"; };
		893969252884F1F9004DD10E /* ProfileViewController.m */ = {isa = PBXFileReference; lastKnownFileType = sourcecode.c.objc; path = ProfileViewController.m; sourceTree = "<group>"; };
		898244E528762FCC00744255 /* PartyCell.h */ = {isa = PBXFileReference; lastKnownFileType = sourcecode.c.h; path = PartyCell.h; sourceTree = "<group>"; };
		898244E628762FCC00744255 /* PartyCell.m */ = {isa = PBXFileReference; lastKnownFileType = sourcecode.c.objc; path = PartyCell.m; sourceTree = "<group>"; };
		898244EB28775E6400744255 /* TopPartyCell.h */ = {isa = PBXFileReference; lastKnownFileType = sourcecode.c.h; path = TopPartyCell.h; sourceTree = "<group>"; };
		898244EC28775E6400744255 /* TopPartyCell.m */ = {isa = PBXFileReference; lastKnownFileType = sourcecode.c.objc; path = TopPartyCell.m; sourceTree = "<group>"; };
		898244EE28779F9300744255 /* Party.h */ = {isa = PBXFileReference; lastKnownFileType = sourcecode.c.h; path = Party.h; sourceTree = "<group>"; };
		898244EF28779F9300744255 /* Party.m */ = {isa = PBXFileReference; lastKnownFileType = sourcecode.c.objc; path = Party.m; sourceTree = "<group>"; };
		898244F128779FF300744255 /* Thrower.h */ = {isa = PBXFileReference; lastKnownFileType = sourcecode.c.h; path = Thrower.h; sourceTree = "<group>"; };
		898244F228779FF300744255 /* Thrower.m */ = {isa = PBXFileReference; lastKnownFileType = sourcecode.c.objc; path = Thrower.m; sourceTree = "<group>"; };
		898244F42878B00300744255 /* ThrowerSignUpViewController.h */ = {isa = PBXFileReference; lastKnownFileType = sourcecode.c.h; path = ThrowerSignUpViewController.h; sourceTree = "<group>"; };
		898244F52878B00300744255 /* ThrowerSignUpViewController.m */ = {isa = PBXFileReference; lastKnownFileType = sourcecode.c.objc; path = ThrowerSignUpViewController.m; sourceTree = "<group>"; };
		898244F7287D084300744255 /* ThrowerTimelineViewController.h */ = {isa = PBXFileReference; lastKnownFileType = sourcecode.c.h; path = ThrowerTimelineViewController.h; sourceTree = "<group>"; };
		898244F8287D084300744255 /* ThrowerTimelineViewController.m */ = {isa = PBXFileReference; lastKnownFileType = sourcecode.c.objc; path = ThrowerTimelineViewController.m; sourceTree = "<group>"; };
		898244FA287D086E00744255 /* ThrowerVerificationViewController.h */ = {isa = PBXFileReference; lastKnownFileType = sourcecode.c.h; path = ThrowerVerificationViewController.h; sourceTree = "<group>"; };
		898244FB287D086E00744255 /* ThrowerVerificationViewController.m */ = {isa = PBXFileReference; lastKnownFileType = sourcecode.c.objc; path = ThrowerVerificationViewController.m; sourceTree = "<group>"; };
		89824501287D104400744255 /* ThrowerPartyCell.h */ = {isa = PBXFileReference; lastKnownFileType = sourcecode.c.h; path = ThrowerPartyCell.h; sourceTree = "<group>"; };
		89824502287D104400744255 /* ThrowerPartyCell.m */ = {isa = PBXFileReference; lastKnownFileType = sourcecode.c.objc; path = ThrowerPartyCell.m; sourceTree = "<group>"; };
		89824507287D15F000744255 /* CreatePartyViewController.h */ = {isa = PBXFileReference; lastKnownFileType = sourcecode.c.h; path = CreatePartyViewController.h; sourceTree = "<group>"; };
		89824508287D15F000744255 /* CreatePartyViewController.m */ = {isa = PBXFileReference; lastKnownFileType = sourcecode.c.objc; path = CreatePartyViewController.m; sourceTree = "<group>"; };
		89824510287DE2EA00744255 /* DetailsViewController.h */ = {isa = PBXFileReference; lastKnownFileType = sourcecode.c.h; path = DetailsViewController.h; sourceTree = "<group>"; };
		89824511287DE2EA00744255 /* DetailsViewController.m */ = {isa = PBXFileReference; lastKnownFileType = sourcecode.c.objc; path = DetailsViewController.m; sourceTree = "<group>"; };
		89824515287DE8E100744255 /* ThrowerDetailsViewController.h */ = {isa = PBXFileReference; lastKnownFileType = sourcecode.c.h; path = ThrowerDetailsViewController.h; sourceTree = "<group>"; };
		89824516287DE8E100744255 /* ThrowerDetailsViewController.m */ = {isa = PBXFileReference; lastKnownFileType = sourcecode.c.objc; path = ThrowerDetailsViewController.m; sourceTree = "<group>"; };
		8982451B287DEF7B00744255 /* Attendance.h */ = {isa = PBXFileReference; lastKnownFileType = sourcecode.c.h; path = Attendance.h; sourceTree = "<group>"; };
		8982451C287DEF7B00744255 /* Attendance.m */ = {isa = PBXFileReference; lastKnownFileType = sourcecode.c.objc; path = Attendance.m; sourceTree = "<group>"; };
		899D925A28813A8C007BCC72 /* MapKit.framework */ = {isa = PBXFileReference; lastKnownFileType = wrapper.framework; name = MapKit.framework; path = System/Library/Frameworks/MapKit.framework; sourceTree = SDKROOT; };
		899D925C28813B11007BCC72 /* OpenMapDirections.h */ = {isa = PBXFileReference; lastKnownFileType = sourcecode.c.h; path = OpenMapDirections.h; sourceTree = "<group>"; };
		899D925D28813B11007BCC72 /* OpenMapDirections.m */ = {isa = PBXFileReference; lastKnownFileType = sourcecode.c.objc; path = OpenMapDirections.m; sourceTree = "<group>"; };
		899D92612881EF9D007BCC72 /* Utility.h */ = {isa = PBXFileReference; lastKnownFileType = sourcecode.c.h; path = Utility.h; sourceTree = "<group>"; };
		899D92622881EF9D007BCC72 /* Utility.m */ = {isa = PBXFileReference; lastKnownFileType = sourcecode.c.objc; path = Utility.m; sourceTree = "<group>"; };
		89AC10ED2886125500F35820 /* APIManager.h */ = {isa = PBXFileReference; lastKnownFileType = sourcecode.c.h; path = APIManager.h; sourceTree = "<group>"; };
		89AC10EE2886125500F35820 /* APIManager.m */ = {isa = PBXFileReference; lastKnownFileType = sourcecode.c.objc; path = APIManager.m; sourceTree = "<group>"; };

		89AC10F52889C00000F35820 /* CoreHapticsGenerator.h */ = {isa = PBXFileReference; lastKnownFileType = sourcecode.c.h; path = CoreHapticsGenerator.h; sourceTree = "<group>"; };
		89AC10F62889C00000F35820 /* CoreHapticsGenerator.m */ = {isa = PBXFileReference; lastKnownFileType = sourcecode.c.objc; path = CoreHapticsGenerator.m; sourceTree = "<group>"; };

		89AC10F8288A855F00F35820 /* PartyFilterViewController.h */ = {isa = PBXFileReference; lastKnownFileType = sourcecode.c.h; path = PartyFilterViewController.h; sourceTree = "<group>"; };
		89AC10F9288A855F00F35820 /* PartyFilterViewController.m */ = {isa = PBXFileReference; lastKnownFileType = sourcecode.c.objc; path = PartyFilterViewController.m; sourceTree = "<group>"; };

		89E90EBD288555B50031223F /* AudioToolbox.framework */ = {isa = PBXFileReference; lastKnownFileType = wrapper.framework; name = AudioToolbox.framework; path = System/Library/Frameworks/AudioToolbox.framework; sourceTree = SDKROOT; };
/* End PBXFileReference section */

/* Begin PBXFrameworksBuildPhase section */
		891EF8A3286E519000F5947E /* Frameworks */ = {
			isa = PBXFrameworksBuildPhase;
			buildActionMask = 2147483647;
			files = (
				899D925B28813A8C007BCC72 /* MapKit.framework in Frameworks */,
				4D4C258FBA169CB066CEAB7B /* Pods_ThrowIT.framework in Frameworks */,
			);
			runOnlyForDeploymentPostprocessing = 0;
		};
		891EF8BE286E519100F5947E /* Frameworks */ = {
			isa = PBXFrameworksBuildPhase;
			buildActionMask = 2147483647;
			files = (
			);
			runOnlyForDeploymentPostprocessing = 0;
		};
		891EF8C8286E519100F5947E /* Frameworks */ = {
			isa = PBXFrameworksBuildPhase;
			buildActionMask = 2147483647;
			files = (
			);
			runOnlyForDeploymentPostprocessing = 0;
		};
/* End PBXFrameworksBuildPhase section */

/* Begin PBXGroup section */
		891EF89D286E518F00F5947E = {
			isa = PBXGroup;
			children = (
				891EF8A8286E519000F5947E /* ThrowIT */,
				891EF8C4286E519100F5947E /* ThrowITTests */,
				891EF8CE286E519100F5947E /* ThrowITUITests */,
				891EF8A7286E519000F5947E /* Products */,
				E96380F083DFA1C62D215850 /* Pods */,
				C27060469BBE3ECD3B7A3DC4 /* Frameworks */,
			);
			sourceTree = "<group>";
		};
		891EF8A7286E519000F5947E /* Products */ = {
			isa = PBXGroup;
			children = (
				891EF8A6286E519000F5947E /* ThrowIT.app */,
				891EF8C1286E519100F5947E /* ThrowITTests.xctest */,
				891EF8CB286E519100F5947E /* ThrowITUITests.xctest */,
			);
			name = Products;
			sourceTree = "<group>";
		};
		891EF8A8286E519000F5947E /* ThrowIT */ = {
			isa = PBXGroup;
			children = (
				891EF8A9286E519000F5947E /* AppDelegate.h */,
				891EF8AA286E519000F5947E /* AppDelegate.m */,
				891EF8B2286E519000F5947E /* Main.storyboard */,
				89AC10ED2886125500F35820 /* APIManager.h */,
				89AC10EE2886125500F35820 /* APIManager.m */,
				891EF8AC286E519000F5947E /* SceneDelegate.h */,
				891EF8AD286E519000F5947E /* SceneDelegate.m */,
				899D92612881EF9D007BCC72 /* Utility.h */,
				899D92622881EF9D007BCC72 /* Utility.m */,
				89D525A9289097900075C464 /* Haptics */,
				89AC10F8288A855F00F35820 /* PartyFilterViewController.h */,
				89AC10F9288A855F00F35820 /* PartyFilterViewController.m */,
				89824500287D0F8100744255 /* ViewComponents */,
				891EF8EF28760ECF00F5947E /* Models */,
				891EF8E2287550C200F5947E /* ViewControllers */,
				891EF8B5286E519000F5947E /* Assets.xcassets */,
				891EF8B7286E519000F5947E /* LaunchScreen.storyboard */,
				891EF8BA286E519000F5947E /* Info.plist */,
				891EF8BB286E519000F5947E /* main.m */,
				890F5C9328822948006E549B /* Keys.plist */,
			);
			path = ThrowIT;
			sourceTree = "<group>";
		};
		891EF8C4286E519100F5947E /* ThrowITTests */ = {
			isa = PBXGroup;
			children = (
				891EF8C5286E519100F5947E /* ThrowITTests.m */,
			);
			path = ThrowITTests;
			sourceTree = "<group>";
		};
		891EF8CE286E519100F5947E /* ThrowITUITests */ = {
			isa = PBXGroup;
			children = (
				891EF8CF286E519100F5947E /* ThrowITUITests.m */,
				891EF8D1286E519100F5947E /* ThrowITUITestsLaunchTests.m */,
			);
			path = ThrowITUITests;
			sourceTree = "<group>";
		};
		891EF8E2287550C200F5947E /* ViewControllers */ = {
			isa = PBXGroup;
			children = (
				893969242884F1F9004DD10E /* ProfileViewController.h */,
				893969252884F1F9004DD10E /* ProfileViewController.m */,
				89824510287DE2EA00744255 /* DetailsViewController.h */,
				89824511287DE2EA00744255 /* DetailsViewController.m */,
				899D925C28813B11007BCC72 /* OpenMapDirections.h */,
				899D925D28813B11007BCC72 /* OpenMapDirections.m */,
				89824515287DE8E100744255 /* ThrowerDetailsViewController.h */,
				89824516287DE8E100744255 /* ThrowerDetailsViewController.m */,
				89824507287D15F000744255 /* CreatePartyViewController.h */,
				89824508287D15F000744255 /* CreatePartyViewController.m */,
				898244F7287D084300744255 /* ThrowerTimelineViewController.h */,
				898244F8287D084300744255 /* ThrowerTimelineViewController.m */,
				898244FA287D086E00744255 /* ThrowerVerificationViewController.h */,
				898244FB287D086E00744255 /* ThrowerVerificationViewController.m */,
				898244F42878B00300744255 /* ThrowerSignUpViewController.h */,
				898244F52878B00300744255 /* ThrowerSignUpViewController.m */,
				891EF8E9287554D300F5947E /* LoginViewController.h */,
				891EF8EA287554D300F5947E /* LoginViewController.m */,
				891EF8E62875530400F5947E /* TimelineViewController.h */,
				891EF8E72875530400F5947E /* TimelineViewController.m */,
				891EF8E3287551DD00F5947E /* SignUpViewController.h */,
				891EF8E4287551DD00F5947E /* SignUpViewController.m */,
			);
			path = ViewControllers;
			sourceTree = "<group>";
		};
		891EF8EF28760ECF00F5947E /* Models */ = {
			isa = PBXGroup;
			children = (
				898244EE28779F9300744255 /* Party.h */,
				898244EF28779F9300744255 /* Party.m */,
				898244F128779FF300744255 /* Thrower.h */,
				898244F228779FF300744255 /* Thrower.m */,
				8982451B287DEF7B00744255 /* Attendance.h */,
				8982451C287DEF7B00744255 /* Attendance.m */,
			);
			path = Models;
			sourceTree = "<group>";
		};
		89824500287D0F8100744255 /* ViewComponents */ = {
			isa = PBXGroup;
			children = (
				89824501287D104400744255 /* ThrowerPartyCell.h */,
				89824502287D104400744255 /* ThrowerPartyCell.m */,
				898244EB28775E6400744255 /* TopPartyCell.h */,
				898244EC28775E6400744255 /* TopPartyCell.m */,
				898244E528762FCC00744255 /* PartyCell.h */,
				898244E628762FCC00744255 /* PartyCell.m */,
			);
			path = ViewComponents;
			sourceTree = "<group>";
		};
		89D525A9289097900075C464 /* Haptics */ = {
			isa = PBXGroup;
			children = (
				89AC10F52889C00000F35820 /* CoreHapticsGenerator.h */,
				89AC10F62889C00000F35820 /* CoreHapticsGenerator.m */,
			);
			path = Haptics;
			sourceTree = "<group>";
		};
		C27060469BBE3ECD3B7A3DC4 /* Frameworks */ = {
			isa = PBXGroup;
			children = (
				89E90EBD288555B50031223F /* AudioToolbox.framework */,
				899D925A28813A8C007BCC72 /* MapKit.framework */,
				887B44304F87030A2BF33DED /* Pods_ThrowIT.framework */,
			);
			name = Frameworks;
			sourceTree = "<group>";
		};
		E96380F083DFA1C62D215850 /* Pods */ = {
			isa = PBXGroup;
			children = (
				15E14E2E88E61ABD435331DC /* Pods-ThrowIT.debug.xcconfig */,
				23E04F0427BF60B7F4EB2C7A /* Pods-ThrowIT.release.xcconfig */,
			);
			path = Pods;
			sourceTree = "<group>";
		};
/* End PBXGroup section */

/* Begin PBXNativeTarget section */
		891EF8A5286E519000F5947E /* ThrowIT */ = {
			isa = PBXNativeTarget;
			buildConfigurationList = 891EF8D5286E519100F5947E /* Build configuration list for PBXNativeTarget "ThrowIT" */;
			buildPhases = (
				CCDECA5D6FEBDDFBBF84008A /* [CP] Check Pods Manifest.lock */,
				891EF8A2286E519000F5947E /* Sources */,
				891EF8A3286E519000F5947E /* Frameworks */,
				891EF8A4286E519000F5947E /* Resources */,
				A121F9B45334A4264C9FC980 /* [CP] Embed Pods Frameworks */,
				4A0696606F92104ED4B22B3C /* [CP] Copy Pods Resources */,
			);
			buildRules = (
			);
			dependencies = (
			);
			name = ThrowIT;
			productName = ThrowIT;
			productReference = 891EF8A6286E519000F5947E /* ThrowIT.app */;
			productType = "com.apple.product-type.application";
		};
		891EF8C0286E519100F5947E /* ThrowITTests */ = {
			isa = PBXNativeTarget;
			buildConfigurationList = 891EF8D8286E519100F5947E /* Build configuration list for PBXNativeTarget "ThrowITTests" */;
			buildPhases = (
				891EF8BD286E519100F5947E /* Sources */,
				891EF8BE286E519100F5947E /* Frameworks */,
				891EF8BF286E519100F5947E /* Resources */,
			);
			buildRules = (
			);
			dependencies = (
				891EF8C3286E519100F5947E /* PBXTargetDependency */,
			);
			name = ThrowITTests;
			productName = ThrowITTests;
			productReference = 891EF8C1286E519100F5947E /* ThrowITTests.xctest */;
			productType = "com.apple.product-type.bundle.unit-test";
		};
		891EF8CA286E519100F5947E /* ThrowITUITests */ = {
			isa = PBXNativeTarget;
			buildConfigurationList = 891EF8DB286E519100F5947E /* Build configuration list for PBXNativeTarget "ThrowITUITests" */;
			buildPhases = (
				891EF8C7286E519100F5947E /* Sources */,
				891EF8C8286E519100F5947E /* Frameworks */,
				891EF8C9286E519100F5947E /* Resources */,
			);
			buildRules = (
			);
			dependencies = (
				891EF8CD286E519100F5947E /* PBXTargetDependency */,
			);
			name = ThrowITUITests;
			productName = ThrowITUITests;
			productReference = 891EF8CB286E519100F5947E /* ThrowITUITests.xctest */;
			productType = "com.apple.product-type.bundle.ui-testing";
		};
/* End PBXNativeTarget section */

/* Begin PBXProject section */
		891EF89E286E518F00F5947E /* Project object */ = {
			isa = PBXProject;
			attributes = {
				BuildIndependentTargetsInParallel = 1;
				LastUpgradeCheck = 1340;
				TargetAttributes = {
					891EF8A5286E519000F5947E = {
						CreatedOnToolsVersion = 13.4.1;
					};
					891EF8C0286E519100F5947E = {
						CreatedOnToolsVersion = 13.4.1;
						TestTargetID = 891EF8A5286E519000F5947E;
					};
					891EF8CA286E519100F5947E = {
						CreatedOnToolsVersion = 13.4.1;
						TestTargetID = 891EF8A5286E519000F5947E;
					};
				};
			};
			buildConfigurationList = 891EF8A1286E518F00F5947E /* Build configuration list for PBXProject "ThrowIT" */;
			compatibilityVersion = "Xcode 13.0";
			developmentRegion = en;
			hasScannedForEncodings = 0;
			knownRegions = (
				en,
				Base,
			);
			mainGroup = 891EF89D286E518F00F5947E;
			productRefGroup = 891EF8A7286E519000F5947E /* Products */;
			projectDirPath = "";
			projectRoot = "";
			targets = (
				891EF8A5286E519000F5947E /* ThrowIT */,
				891EF8C0286E519100F5947E /* ThrowITTests */,
				891EF8CA286E519100F5947E /* ThrowITUITests */,
			);
		};
/* End PBXProject section */

/* Begin PBXResourcesBuildPhase section */
		891EF8A4286E519000F5947E /* Resources */ = {
			isa = PBXResourcesBuildPhase;
			buildActionMask = 2147483647;
			files = (
				890F5C9428822948006E549B /* Keys.plist in Resources */,
				891EF8B9286E519000F5947E /* LaunchScreen.storyboard in Resources */,
				891EF8B6286E519000F5947E /* Assets.xcassets in Resources */,
				891EF8B4286E519000F5947E /* Main.storyboard in Resources */,
			);
			runOnlyForDeploymentPostprocessing = 0;
		};
		891EF8BF286E519100F5947E /* Resources */ = {
			isa = PBXResourcesBuildPhase;
			buildActionMask = 2147483647;
			files = (
			);
			runOnlyForDeploymentPostprocessing = 0;
		};
		891EF8C9286E519100F5947E /* Resources */ = {
			isa = PBXResourcesBuildPhase;
			buildActionMask = 2147483647;
			files = (
			);
			runOnlyForDeploymentPostprocessing = 0;
		};
/* End PBXResourcesBuildPhase section */

/* Begin PBXShellScriptBuildPhase section */
		4A0696606F92104ED4B22B3C /* [CP] Copy Pods Resources */ = {
			isa = PBXShellScriptBuildPhase;
			buildActionMask = 2147483647;
			files = (
			);
			inputFileListPaths = (
				"${PODS_ROOT}/Target Support Files/Pods-ThrowIT/Pods-ThrowIT-resources-${CONFIGURATION}-input-files.xcfilelist",
			);
			name = "[CP] Copy Pods Resources";
			outputFileListPaths = (
				"${PODS_ROOT}/Target Support Files/Pods-ThrowIT/Pods-ThrowIT-resources-${CONFIGURATION}-output-files.xcfilelist",
			);
			runOnlyForDeploymentPostprocessing = 0;
			shellPath = /bin/sh;
			shellScript = "\"${PODS_ROOT}/Target Support Files/Pods-ThrowIT/Pods-ThrowIT-resources.sh\"\n";
			showEnvVarsInLog = 0;
		};
		A121F9B45334A4264C9FC980 /* [CP] Embed Pods Frameworks */ = {
			isa = PBXShellScriptBuildPhase;
			buildActionMask = 2147483647;
			files = (
			);
			inputFileListPaths = (
				"${PODS_ROOT}/Target Support Files/Pods-ThrowIT/Pods-ThrowIT-frameworks-${CONFIGURATION}-input-files.xcfilelist",
			);
			name = "[CP] Embed Pods Frameworks";
			outputFileListPaths = (
				"${PODS_ROOT}/Target Support Files/Pods-ThrowIT/Pods-ThrowIT-frameworks-${CONFIGURATION}-output-files.xcfilelist",
			);
			runOnlyForDeploymentPostprocessing = 0;
			shellPath = /bin/sh;
			shellScript = "\"${PODS_ROOT}/Target Support Files/Pods-ThrowIT/Pods-ThrowIT-frameworks.sh\"\n";
			showEnvVarsInLog = 0;
		};
		CCDECA5D6FEBDDFBBF84008A /* [CP] Check Pods Manifest.lock */ = {
			isa = PBXShellScriptBuildPhase;
			buildActionMask = 2147483647;
			files = (
			);
			inputFileListPaths = (
			);
			inputPaths = (
				"${PODS_PODFILE_DIR_PATH}/Podfile.lock",
				"${PODS_ROOT}/Manifest.lock",
			);
			name = "[CP] Check Pods Manifest.lock";
			outputFileListPaths = (
			);
			outputPaths = (
				"$(DERIVED_FILE_DIR)/Pods-ThrowIT-checkManifestLockResult.txt",
			);
			runOnlyForDeploymentPostprocessing = 0;
			shellPath = /bin/sh;
			shellScript = "diff \"${PODS_PODFILE_DIR_PATH}/Podfile.lock\" \"${PODS_ROOT}/Manifest.lock\" > /dev/null\nif [ $? != 0 ] ; then\n    # print error to STDERR\n    echo \"error: The sandbox is not in sync with the Podfile.lock. Run 'pod install' or update your CocoaPods installation.\" >&2\n    exit 1\nfi\n# This output is used by Xcode 'outputs' to avoid re-running this script phase.\necho \"SUCCESS\" > \"${SCRIPT_OUTPUT_FILE_0}\"\n";
			showEnvVarsInLog = 0;
		};
/* End PBXShellScriptBuildPhase section */

/* Begin PBXSourcesBuildPhase section */
		891EF8A2286E519000F5947E /* Sources */ = {
			isa = PBXSourcesBuildPhase;
			buildActionMask = 2147483647;
			files = (
				898244F028779F9300744255 /* Party.m in Sources */,
				891EF8E5287551DD00F5947E /* SignUpViewController.m in Sources */,
				891EF8AB286E519000F5947E /* AppDelegate.m in Sources */,
				8982451D287DEF7B00744255 /* Attendance.m in Sources */,
				898244F328779FF300744255 /* Thrower.m in Sources */,
				891EF8EB287554D300F5947E /* LoginViewController.m in Sources */,
				898244FC287D086E00744255 /* ThrowerVerificationViewController.m in Sources */,
				891EF8BC286E519000F5947E /* main.m in Sources */,
				899D92632881EF9D007BCC72 /* Utility.m in Sources */,
				89824512287DE2EA00744255 /* DetailsViewController.m in Sources */,
				89AC10EF2886125500F35820 /* APIManager.m in Sources */,
				898244ED28775E6400744255 /* TopPartyCell.m in Sources */,
				89824503287D104400744255 /* ThrowerPartyCell.m in Sources */,
				89AC10FA288A855F00F35820 /* PartyFilterViewController.m in Sources */,
				898244F9287D084300744255 /* ThrowerTimelineViewController.m in Sources */,
				891EF8AE286E519000F5947E /* SceneDelegate.m in Sources */,
				893969262884F1F9004DD10E /* ProfileViewController.m in Sources */,
				89824517287DE8E100744255 /* ThrowerDetailsViewController.m in Sources */,
				899D925E28813B11007BCC72 /* OpenMapDirections.m in Sources */,
				891EF8E82875530400F5947E /* TimelineViewController.m in Sources */,
				898244E728762FCC00744255 /* PartyCell.m in Sources */,
				89AC10F72889C00000F35820 /* CoreHapticsGenerator.m in Sources */,
				89824509287D15F000744255 /* CreatePartyViewController.m in Sources */,
				898244F62878B00300744255 /* ThrowerSignUpViewController.m in Sources */,
			);
			runOnlyForDeploymentPostprocessing = 0;
		};
		891EF8BD286E519100F5947E /* Sources */ = {
			isa = PBXSourcesBuildPhase;
			buildActionMask = 2147483647;
			files = (
				891EF8C6286E519100F5947E /* ThrowITTests.m in Sources */,
			);
			runOnlyForDeploymentPostprocessing = 0;
		};
		891EF8C7286E519100F5947E /* Sources */ = {
			isa = PBXSourcesBuildPhase;
			buildActionMask = 2147483647;
			files = (
				891EF8D2286E519100F5947E /* ThrowITUITestsLaunchTests.m in Sources */,
				891EF8D0286E519100F5947E /* ThrowITUITests.m in Sources */,
			);
			runOnlyForDeploymentPostprocessing = 0;
		};
/* End PBXSourcesBuildPhase section */

/* Begin PBXTargetDependency section */
		891EF8C3286E519100F5947E /* PBXTargetDependency */ = {
			isa = PBXTargetDependency;
			target = 891EF8A5286E519000F5947E /* ThrowIT */;
			targetProxy = 891EF8C2286E519100F5947E /* PBXContainerItemProxy */;
		};
		891EF8CD286E519100F5947E /* PBXTargetDependency */ = {
			isa = PBXTargetDependency;
			target = 891EF8A5286E519000F5947E /* ThrowIT */;
			targetProxy = 891EF8CC286E519100F5947E /* PBXContainerItemProxy */;
		};
/* End PBXTargetDependency section */

/* Begin PBXVariantGroup section */
		891EF8B2286E519000F5947E /* Main.storyboard */ = {
			isa = PBXVariantGroup;
			children = (
				891EF8B3286E519000F5947E /* Base */,
			);
			name = Main.storyboard;
			sourceTree = "<group>";
		};
		891EF8B7286E519000F5947E /* LaunchScreen.storyboard */ = {
			isa = PBXVariantGroup;
			children = (
				891EF8B8286E519000F5947E /* Base */,
			);
			name = LaunchScreen.storyboard;
			sourceTree = "<group>";
		};
/* End PBXVariantGroup section */

/* Begin XCBuildConfiguration section */
		891EF8D3286E519100F5947E /* Debug */ = {
			isa = XCBuildConfiguration;
			buildSettings = {
				ALWAYS_SEARCH_USER_PATHS = NO;
				CLANG_ANALYZER_NONNULL = YES;
				CLANG_ANALYZER_NUMBER_OBJECT_CONVERSION = YES_AGGRESSIVE;
				CLANG_CXX_LANGUAGE_STANDARD = "gnu++17";
				CLANG_ENABLE_MODULES = YES;
				CLANG_ENABLE_OBJC_ARC = YES;
				CLANG_ENABLE_OBJC_WEAK = YES;
				CLANG_WARN_BLOCK_CAPTURE_AUTORELEASING = YES;
				CLANG_WARN_BOOL_CONVERSION = YES;
				CLANG_WARN_COMMA = YES;
				CLANG_WARN_CONSTANT_CONVERSION = YES;
				CLANG_WARN_DEPRECATED_OBJC_IMPLEMENTATIONS = YES;
				CLANG_WARN_DIRECT_OBJC_ISA_USAGE = YES_ERROR;
				CLANG_WARN_DOCUMENTATION_COMMENTS = YES;
				CLANG_WARN_EMPTY_BODY = YES;
				CLANG_WARN_ENUM_CONVERSION = YES;
				CLANG_WARN_INFINITE_RECURSION = YES;
				CLANG_WARN_INT_CONVERSION = YES;
				CLANG_WARN_NON_LITERAL_NULL_CONVERSION = YES;
				CLANG_WARN_OBJC_IMPLICIT_RETAIN_SELF = YES;
				CLANG_WARN_OBJC_LITERAL_CONVERSION = YES;
				CLANG_WARN_OBJC_ROOT_CLASS = YES_ERROR;
				CLANG_WARN_QUOTED_INCLUDE_IN_FRAMEWORK_HEADER = YES;
				CLANG_WARN_RANGE_LOOP_ANALYSIS = YES;
				CLANG_WARN_STRICT_PROTOTYPES = YES;
				CLANG_WARN_SUSPICIOUS_MOVE = YES;
				CLANG_WARN_UNGUARDED_AVAILABILITY = YES_AGGRESSIVE;
				CLANG_WARN_UNREACHABLE_CODE = YES;
				CLANG_WARN__DUPLICATE_METHOD_MATCH = YES;
				COPY_PHASE_STRIP = NO;
				DEBUG_INFORMATION_FORMAT = dwarf;
				ENABLE_STRICT_OBJC_MSGSEND = YES;
				ENABLE_TESTABILITY = YES;
				"EXCLUDED_ARCHS[sdk=iphonesimulator*]" = arm64;
				GCC_C_LANGUAGE_STANDARD = gnu11;
				GCC_DYNAMIC_NO_PIC = NO;
				GCC_NO_COMMON_BLOCKS = YES;
				GCC_OPTIMIZATION_LEVEL = 0;
				GCC_PREPROCESSOR_DEFINITIONS = (
					"DEBUG=1",
					"$(inherited)",
				);
				GCC_WARN_64_TO_32_BIT_CONVERSION = YES;
				GCC_WARN_ABOUT_RETURN_TYPE = YES_ERROR;
				GCC_WARN_UNDECLARED_SELECTOR = YES;
				GCC_WARN_UNINITIALIZED_AUTOS = YES_AGGRESSIVE;
				GCC_WARN_UNUSED_FUNCTION = YES;
				GCC_WARN_UNUSED_VARIABLE = YES;
				IPHONEOS_DEPLOYMENT_TARGET = 15.5;
				MTL_ENABLE_DEBUG_INFO = INCLUDE_SOURCE;
				MTL_FAST_MATH = YES;
				ONLY_ACTIVE_ARCH = YES;
				SDKROOT = iphoneos;
			};
			name = Debug;
		};
		891EF8D4286E519100F5947E /* Release */ = {
			isa = XCBuildConfiguration;
			buildSettings = {
				ALWAYS_SEARCH_USER_PATHS = NO;
				CLANG_ANALYZER_NONNULL = YES;
				CLANG_ANALYZER_NUMBER_OBJECT_CONVERSION = YES_AGGRESSIVE;
				CLANG_CXX_LANGUAGE_STANDARD = "gnu++17";
				CLANG_ENABLE_MODULES = YES;
				CLANG_ENABLE_OBJC_ARC = YES;
				CLANG_ENABLE_OBJC_WEAK = YES;
				CLANG_WARN_BLOCK_CAPTURE_AUTORELEASING = YES;
				CLANG_WARN_BOOL_CONVERSION = YES;
				CLANG_WARN_COMMA = YES;
				CLANG_WARN_CONSTANT_CONVERSION = YES;
				CLANG_WARN_DEPRECATED_OBJC_IMPLEMENTATIONS = YES;
				CLANG_WARN_DIRECT_OBJC_ISA_USAGE = YES_ERROR;
				CLANG_WARN_DOCUMENTATION_COMMENTS = YES;
				CLANG_WARN_EMPTY_BODY = YES;
				CLANG_WARN_ENUM_CONVERSION = YES;
				CLANG_WARN_INFINITE_RECURSION = YES;
				CLANG_WARN_INT_CONVERSION = YES;
				CLANG_WARN_NON_LITERAL_NULL_CONVERSION = YES;
				CLANG_WARN_OBJC_IMPLICIT_RETAIN_SELF = YES;
				CLANG_WARN_OBJC_LITERAL_CONVERSION = YES;
				CLANG_WARN_OBJC_ROOT_CLASS = YES_ERROR;
				CLANG_WARN_QUOTED_INCLUDE_IN_FRAMEWORK_HEADER = YES;
				CLANG_WARN_RANGE_LOOP_ANALYSIS = YES;
				CLANG_WARN_STRICT_PROTOTYPES = YES;
				CLANG_WARN_SUSPICIOUS_MOVE = YES;
				CLANG_WARN_UNGUARDED_AVAILABILITY = YES_AGGRESSIVE;
				CLANG_WARN_UNREACHABLE_CODE = YES;
				CLANG_WARN__DUPLICATE_METHOD_MATCH = YES;
				COPY_PHASE_STRIP = NO;
				DEBUG_INFORMATION_FORMAT = "dwarf-with-dsym";
				ENABLE_NS_ASSERTIONS = NO;
				ENABLE_STRICT_OBJC_MSGSEND = YES;
				"EXCLUDED_ARCHS[sdk=iphonesimulator*]" = arm64;
				GCC_C_LANGUAGE_STANDARD = gnu11;
				GCC_NO_COMMON_BLOCKS = YES;
				GCC_WARN_64_TO_32_BIT_CONVERSION = YES;
				GCC_WARN_ABOUT_RETURN_TYPE = YES_ERROR;
				GCC_WARN_UNDECLARED_SELECTOR = YES;
				GCC_WARN_UNINITIALIZED_AUTOS = YES_AGGRESSIVE;
				GCC_WARN_UNUSED_FUNCTION = YES;
				GCC_WARN_UNUSED_VARIABLE = YES;
				IPHONEOS_DEPLOYMENT_TARGET = 15.5;
				MTL_ENABLE_DEBUG_INFO = NO;
				MTL_FAST_MATH = YES;
				SDKROOT = iphoneos;
				VALIDATE_PRODUCT = YES;
			};
			name = Release;
		};
		891EF8D6286E519100F5947E /* Debug */ = {
			isa = XCBuildConfiguration;
			baseConfigurationReference = 15E14E2E88E61ABD435331DC /* Pods-ThrowIT.debug.xcconfig */;
			buildSettings = {
				ASSETCATALOG_COMPILER_APPICON_NAME = AppIcon;
				ASSETCATALOG_COMPILER_GLOBAL_ACCENT_COLOR_NAME = AccentColor;
				CODE_SIGN_STYLE = Automatic;
				CURRENT_PROJECT_VERSION = 1;
				DEVELOPMENT_TEAM = M97DH9RH5B;
				GENERATE_INFOPLIST_FILE = YES;
				INFOPLIST_FILE = ThrowIT/Info.plist;
				INFOPLIST_KEY_UIApplicationSupportsIndirectInputEvents = YES;
				INFOPLIST_KEY_UILaunchStoryboardName = LaunchScreen;
				INFOPLIST_KEY_UIMainStoryboardFile = Main;
				INFOPLIST_KEY_UISupportedInterfaceOrientations_iPad = "UIInterfaceOrientationPortrait UIInterfaceOrientationPortraitUpsideDown UIInterfaceOrientationLandscapeLeft UIInterfaceOrientationLandscapeRight";
				INFOPLIST_KEY_UISupportedInterfaceOrientations_iPhone = "UIInterfaceOrientationPortrait UIInterfaceOrientationLandscapeLeft UIInterfaceOrientationLandscapeRight";
				LD_RUNPATH_SEARCH_PATHS = (
					"$(inherited)",
					"@executable_path/Frameworks",
				);
				MARKETING_VERSION = 1.0;
				PRODUCT_BUNDLE_IDENTIFIER = com.codepath.ThrowIT;
				PRODUCT_NAME = "$(TARGET_NAME)";
				SWIFT_EMIT_LOC_STRINGS = YES;
				TARGETED_DEVICE_FAMILY = "1,2";
			};
			name = Debug;
		};
		891EF8D7286E519100F5947E /* Release */ = {
			isa = XCBuildConfiguration;
			baseConfigurationReference = 23E04F0427BF60B7F4EB2C7A /* Pods-ThrowIT.release.xcconfig */;
			buildSettings = {
				ASSETCATALOG_COMPILER_APPICON_NAME = AppIcon;
				ASSETCATALOG_COMPILER_GLOBAL_ACCENT_COLOR_NAME = AccentColor;
				CODE_SIGN_STYLE = Automatic;
				CURRENT_PROJECT_VERSION = 1;
				DEVELOPMENT_TEAM = M97DH9RH5B;
				GENERATE_INFOPLIST_FILE = YES;
				INFOPLIST_FILE = ThrowIT/Info.plist;
				INFOPLIST_KEY_UIApplicationSupportsIndirectInputEvents = YES;
				INFOPLIST_KEY_UILaunchStoryboardName = LaunchScreen;
				INFOPLIST_KEY_UIMainStoryboardFile = Main;
				INFOPLIST_KEY_UISupportedInterfaceOrientations_iPad = "UIInterfaceOrientationPortrait UIInterfaceOrientationPortraitUpsideDown UIInterfaceOrientationLandscapeLeft UIInterfaceOrientationLandscapeRight";
				INFOPLIST_KEY_UISupportedInterfaceOrientations_iPhone = "UIInterfaceOrientationPortrait UIInterfaceOrientationLandscapeLeft UIInterfaceOrientationLandscapeRight";
				LD_RUNPATH_SEARCH_PATHS = (
					"$(inherited)",
					"@executable_path/Frameworks",
				);
				MARKETING_VERSION = 1.0;
				PRODUCT_BUNDLE_IDENTIFIER = com.codepath.ThrowIT;
				PRODUCT_NAME = "$(TARGET_NAME)";
				SWIFT_EMIT_LOC_STRINGS = YES;
				TARGETED_DEVICE_FAMILY = "1,2";
			};
			name = Release;
		};
		891EF8D9286E519100F5947E /* Debug */ = {
			isa = XCBuildConfiguration;
			buildSettings = {
				BUNDLE_LOADER = "$(TEST_HOST)";
				CODE_SIGN_STYLE = Automatic;
				CURRENT_PROJECT_VERSION = 1;
				DEVELOPMENT_TEAM = M97DH9RH5B;
				GENERATE_INFOPLIST_FILE = YES;
				IPHONEOS_DEPLOYMENT_TARGET = 15.5;
				MARKETING_VERSION = 1.0;
				PRODUCT_BUNDLE_IDENTIFIER = com.codepath.ThrowITTests;
				PRODUCT_NAME = "$(TARGET_NAME)";
				SWIFT_EMIT_LOC_STRINGS = NO;
				TARGETED_DEVICE_FAMILY = "1,2";
				TEST_HOST = "$(BUILT_PRODUCTS_DIR)/ThrowIT.app/ThrowIT";
			};
			name = Debug;
		};
		891EF8DA286E519100F5947E /* Release */ = {
			isa = XCBuildConfiguration;
			buildSettings = {
				BUNDLE_LOADER = "$(TEST_HOST)";
				CODE_SIGN_STYLE = Automatic;
				CURRENT_PROJECT_VERSION = 1;
				DEVELOPMENT_TEAM = M97DH9RH5B;
				GENERATE_INFOPLIST_FILE = YES;
				IPHONEOS_DEPLOYMENT_TARGET = 15.5;
				MARKETING_VERSION = 1.0;
				PRODUCT_BUNDLE_IDENTIFIER = com.codepath.ThrowITTests;
				PRODUCT_NAME = "$(TARGET_NAME)";
				SWIFT_EMIT_LOC_STRINGS = NO;
				TARGETED_DEVICE_FAMILY = "1,2";
				TEST_HOST = "$(BUILT_PRODUCTS_DIR)/ThrowIT.app/ThrowIT";
			};
			name = Release;
		};
		891EF8DC286E519100F5947E /* Debug */ = {
			isa = XCBuildConfiguration;
			buildSettings = {
				CODE_SIGN_STYLE = Automatic;
				CURRENT_PROJECT_VERSION = 1;
				DEVELOPMENT_TEAM = M97DH9RH5B;
				GENERATE_INFOPLIST_FILE = YES;
				MARKETING_VERSION = 1.0;
				PRODUCT_BUNDLE_IDENTIFIER = com.codepath.ThrowITUITests;
				PRODUCT_NAME = "$(TARGET_NAME)";
				SWIFT_EMIT_LOC_STRINGS = NO;
				TARGETED_DEVICE_FAMILY = "1,2";
				TEST_TARGET_NAME = ThrowIT;
			};
			name = Debug;
		};
		891EF8DD286E519100F5947E /* Release */ = {
			isa = XCBuildConfiguration;
			buildSettings = {
				CODE_SIGN_STYLE = Automatic;
				CURRENT_PROJECT_VERSION = 1;
				DEVELOPMENT_TEAM = M97DH9RH5B;
				GENERATE_INFOPLIST_FILE = YES;
				MARKETING_VERSION = 1.0;
				PRODUCT_BUNDLE_IDENTIFIER = com.codepath.ThrowITUITests;
				PRODUCT_NAME = "$(TARGET_NAME)";
				SWIFT_EMIT_LOC_STRINGS = NO;
				TARGETED_DEVICE_FAMILY = "1,2";
				TEST_TARGET_NAME = ThrowIT;
			};
			name = Release;
		};
/* End XCBuildConfiguration section */

/* Begin XCConfigurationList section */
		891EF8A1286E518F00F5947E /* Build configuration list for PBXProject "ThrowIT" */ = {
			isa = XCConfigurationList;
			buildConfigurations = (
				891EF8D3286E519100F5947E /* Debug */,
				891EF8D4286E519100F5947E /* Release */,
			);
			defaultConfigurationIsVisible = 0;
			defaultConfigurationName = Release;
		};
		891EF8D5286E519100F5947E /* Build configuration list for PBXNativeTarget "ThrowIT" */ = {
			isa = XCConfigurationList;
			buildConfigurations = (
				891EF8D6286E519100F5947E /* Debug */,
				891EF8D7286E519100F5947E /* Release */,
			);
			defaultConfigurationIsVisible = 0;
			defaultConfigurationName = Release;
		};
		891EF8D8286E519100F5947E /* Build configuration list for PBXNativeTarget "ThrowITTests" */ = {
			isa = XCConfigurationList;
			buildConfigurations = (
				891EF8D9286E519100F5947E /* Debug */,
				891EF8DA286E519100F5947E /* Release */,
			);
			defaultConfigurationIsVisible = 0;
			defaultConfigurationName = Release;
		};
		891EF8DB286E519100F5947E /* Build configuration list for PBXNativeTarget "ThrowITUITests" */ = {
			isa = XCConfigurationList;
			buildConfigurations = (
				891EF8DC286E519100F5947E /* Debug */,
				891EF8DD286E519100F5947E /* Release */,
			);
			defaultConfigurationIsVisible = 0;
			defaultConfigurationName = Release;
		};
/* End XCConfigurationList section */
	};
	rootObject = 891EF89E286E518F00F5947E /* Project object */;
}
